
Microsoft Visual Studio Solution File, Format Version 12.00
# Visual Studio Version 17
VisualStudioVersion = 17.8.34316.72
MinimumVisualStudioVersion = 10.0.40219.1
Project("{FAE04EC0-301F-11D3-BF4B-00C04F79EFBC}") = "ConsoleApp1", "ConsoleApp1.csproj", "{81423090-4E12-4F51-85E1-5B8599FC0785}"
EndProject
Global
	GlobalSection(SolutionConfigurationPlatforms) = preSolution
		Debug|Any CPU = Debug|Any CPU
		Release|Any CPU = Release|Any CPU
	EndGlobalSection
	GlobalSection(ProjectConfigurationPlatforms) = postSolution
		{81423090-4E12-4F51-85E1-5B8599FC0785}.Debug|Any CPU.ActiveCfg = Debug|Any CPU
		{81423090-4E12-4F51-85E1-5B8599FC0785}.Debug|Any CPU.Build.0 = Debug|Any CPU
		{81423090-4E12-4F51-85E1-5B8599FC0785}.Release|Any CPU.ActiveCfg = Release|Any CPU
		{81423090-4E12-4F51-85E1-5B8599FC0785}.Release|Any CPU.Build.0 = Release|Any CPU
	EndGlobalSection
	GlobalSection(SolutionProperties) = preSolution
		HideSolutionNode = FALSE
	EndGlobalSection
	GlobalSection(ExtensibilityGlobals) = postSolution
		SolutionGuid = {D54CAC99-DB20-470A-B2D1-A96634743901}
	EndGlobalSection
EndGlobal
